// !$*UTF8*$!
{
	archiveVersion = 1;
	classes = {
	};
	objectVersion = 50;
	objects = {

/* Begin PBXBuildFile section */
		1744CC4C5382D7568141763C /* Pods_Picpoint.framework in Frameworks */ = {isa = PBXBuildFile; fileRef = 7E5DABCEB6E2279A2BA6280E /* Pods_Picpoint.framework */; };
		6355EAC92204814B00B784EB /* MapFeedViewController.swift in Sources */ = {isa = PBXBuildFile; fileRef = 6355EAC82204814B00B784EB /* MapFeedViewController.swift */; };
		6355EACB2204C9D600B784EB /* PinAnnotation.swift in Sources */ = {isa = PBXBuildFile; fileRef = 6355EACA2204C9D600B784EB /* PinAnnotation.swift */; };
		639EFB6A22004890005AC6A1 /* Validator.swift in Sources */ = {isa = PBXBuildFile; fileRef = 639EFB6922004890005AC6A1 /* Validator.swift */; };
		639EFB732200CD38005AC6A1 /* CustomTabBar.swift in Sources */ = {isa = PBXBuildFile; fileRef = 639EFB722200CD38005AC6A1 /* CustomTabBar.swift */; };
		639EFB752200CDA4005AC6A1 /* SpotsFeedViewController.swift in Sources */ = {isa = PBXBuildFile; fileRef = 639EFB742200CDA4005AC6A1 /* SpotsFeedViewController.swift */; };
		639EFB772200CDC3005AC6A1 /* ProfileViewController.swift in Sources */ = {isa = PBXBuildFile; fileRef = 639EFB762200CDC3005AC6A1 /* ProfileViewController.swift */; };
		639EFB792200CDD9005AC6A1 /* PublicationsFeedViewController.swift in Sources */ = {isa = PBXBuildFile; fileRef = 639EFB782200CDD9005AC6A1 /* PublicationsFeedViewController.swift */; };
		639EFB7B2200CDED005AC6A1 /* NewPublicationViewController.swift in Sources */ = {isa = PBXBuildFile; fileRef = 639EFB7A2200CDED005AC6A1 /* NewPublicationViewController.swift */; };
		639EFB7D2200CE3A005AC6A1 /* NewSpotViewController.swift in Sources */ = {isa = PBXBuildFile; fileRef = 639EFB7C2200CE3A005AC6A1 /* NewSpotViewController.swift */; };
		639EFB7F2200CF96005AC6A1 /* SearchViewController.swift in Sources */ = {isa = PBXBuildFile; fileRef = 639EFB7E2200CF96005AC6A1 /* SearchViewController.swift */; };
		639EFB822201A3D0005AC6A1 /* CustomAlertViewController.swift in Sources */ = {isa = PBXBuildFile; fileRef = 639EFB812201A3D0005AC6A1 /* CustomAlertViewController.swift */; };
		639EFB842201BC4E005AC6A1 /* CameraViewController.swift in Sources */ = {isa = PBXBuildFile; fileRef = 639EFB832201BC4E005AC6A1 /* CameraViewController.swift */; };
		639EFB862201BC5C005AC6A1 /* MapViewController.swift in Sources */ = {isa = PBXBuildFile; fileRef = 639EFB852201BC5C005AC6A1 /* MapViewController.swift */; };
		639EFB882201BCE9005AC6A1 /* MapNewSpotViewController.swift in Sources */ = {isa = PBXBuildFile; fileRef = 639EFB872201BCE9005AC6A1 /* MapNewSpotViewController.swift */; };
		639EFB8A220306FA005AC6A1 /* Utils.swift in Sources */ = {isa = PBXBuildFile; fileRef = 639EFB89220306FA005AC6A1 /* Utils.swift */; };
		639EFB8C2203099F005AC6A1 /* PreviewImageViewController.swift in Sources */ = {isa = PBXBuildFile; fileRef = 639EFB8B2203099F005AC6A1 /* PreviewImageViewController.swift */; };
		639EFB8E22045ED4005AC6A1 /* Spot.swift in Sources */ = {isa = PBXBuildFile; fileRef = 639EFB8D22045ED4005AC6A1 /* Spot.swift */; };
		639EFB942204622A005AC6A1 /* SpotDetailViewController.swift in Sources */ = {isa = PBXBuildFile; fileRef = 639EFB932204622A005AC6A1 /* SpotDetailViewController.swift */; };
		639EFB9622046261005AC6A1 /* PublicationDetailViewController.swift in Sources */ = {isa = PBXBuildFile; fileRef = 639EFB9522046261005AC6A1 /* PublicationDetailViewController.swift */; };
		639EFB98220462A9005AC6A1 /* SpotCollectionViewCell.swift in Sources */ = {isa = PBXBuildFile; fileRef = 639EFB97220462A9005AC6A1 /* SpotCollectionViewCell.swift */; };
		639EFB9A220462C6005AC6A1 /* PublicationTableViewCell.swift in Sources */ = {isa = PBXBuildFile; fileRef = 639EFB99220462C6005AC6A1 /* PublicationTableViewCell.swift */; };
		639EFB9C22046300005AC6A1 /* PublicationTableViewController.swift in Sources */ = {isa = PBXBuildFile; fileRef = 639EFB9B22046300005AC6A1 /* PublicationTableViewController.swift */; };
		63DD0A40220C4FA500276B1A /* NoLoggedViewController.swift in Sources */ = {isa = PBXBuildFile; fileRef = 63DD0A3F220C4FA500276B1A /* NoLoggedViewController.swift */; };
		7F27ACD02214101F00146B57 /* SpotsCollectionViewController.swift in Sources */ = {isa = PBXBuildFile; fileRef = 7F27ACCF2214101F00146B57 /* SpotsCollectionViewController.swift */; };
		7F327EE9222558CA00ABD796 /* AddSpotNewPublicationViewController.swift in Sources */ = {isa = PBXBuildFile; fileRef = 7F327EE8222558CA00ABD796 /* AddSpotNewPublicationViewController.swift */; };
		7F912FA6222597F900F116AB /* SpotDetailTagCollectionViewCell.swift in Sources */ = {isa = PBXBuildFile; fileRef = 7F912FA5222597F900F116AB /* SpotDetailTagCollectionViewCell.swift */; };
		7FD34B57221EF2DD00268775 /* SpotTagCollectionViewCell.swift in Sources */ = {isa = PBXBuildFile; fileRef = 7FD34B56221EF2DD00268775 /* SpotTagCollectionViewCell.swift */; };
		7FE602B1221C33960032A2D1 /* TagsViewController.swift in Sources */ = {isa = PBXBuildFile; fileRef = 7FE602B0221C33960032A2D1 /* TagsViewController.swift */; };
		7FE602B3221C4E030032A2D1 /* TagsCollectionViewCell.swift in Sources */ = {isa = PBXBuildFile; fileRef = 7FE602B2221C4E020032A2D1 /* TagsCollectionViewCell.swift */; };
		7FE602B5221C56510032A2D1 /* Tag.swift in Sources */ = {isa = PBXBuildFile; fileRef = 7FE602B4221C56510032A2D1 /* Tag.swift */; };
		D2B2884721FA13A20060F8A2 /* Connectivity.swift in Sources */ = {isa = PBXBuildFile; fileRef = D2B2884621FA13A20060F8A2 /* Connectivity.swift */; };
		D2C2EAB421EC7D1500D547BD /* AppDelegate.swift in Sources */ = {isa = PBXBuildFile; fileRef = D2C2EAB321EC7D1500D547BD /* AppDelegate.swift */; };
		D2C2EAB921EC7D1500D547BD /* Main.storyboard in Resources */ = {isa = PBXBuildFile; fileRef = D2C2EAB721EC7D1500D547BD /* Main.storyboard */; };
		D2C2EABB21EC7D1600D547BD /* Assets.xcassets in Resources */ = {isa = PBXBuildFile; fileRef = D2C2EABA21EC7D1600D547BD /* Assets.xcassets */; };
		D2C2EAC621EC82B200D547BD /* RegisterViewController.swift in Sources */ = {isa = PBXBuildFile; fileRef = D2C2EAC521EC82B200D547BD /* RegisterViewController.swift */; };
		D2C2EACC21EC86C600D547BD /* LoginViewController.swift in Sources */ = {isa = PBXBuildFile; fileRef = D2C2EACB21EC86C600D547BD /* LoginViewController.swift */; };
		D2CFD83C21F5D3160024EF0D /* RecoverPasswordViewController.swift in Sources */ = {isa = PBXBuildFile; fileRef = D2CFD83B21F5D3160024EF0D /* RecoverPasswordViewController.swift */; };
/* End PBXBuildFile section */

/* Begin PBXFileReference section */
		2C7CBB10648258A8C8C8A197 /* Pods-Picpoint.release.xcconfig */ = {isa = PBXFileReference; includeInIndex = 1; lastKnownFileType = text.xcconfig; name = "Pods-Picpoint.release.xcconfig"; path = "Pods/Target Support Files/Pods-Picpoint/Pods-Picpoint.release.xcconfig"; sourceTree = "<group>"; };
		6355EAC82204814B00B784EB /* MapFeedViewController.swift */ = {isa = PBXFileReference; lastKnownFileType = sourcecode.swift; path = MapFeedViewController.swift; sourceTree = "<group>"; };
		6355EACA2204C9D600B784EB /* PinAnnotation.swift */ = {isa = PBXFileReference; lastKnownFileType = sourcecode.swift; path = PinAnnotation.swift; sourceTree = "<group>"; };
		639EFB6922004890005AC6A1 /* Validator.swift */ = {isa = PBXFileReference; lastKnownFileType = sourcecode.swift; path = Validator.swift; sourceTree = "<group>"; };
		639EFB722200CD38005AC6A1 /* CustomTabBar.swift */ = {isa = PBXFileReference; lastKnownFileType = sourcecode.swift; path = CustomTabBar.swift; sourceTree = "<group>"; };
		639EFB742200CDA4005AC6A1 /* SpotsFeedViewController.swift */ = {isa = PBXFileReference; lastKnownFileType = sourcecode.swift; path = SpotsFeedViewController.swift; sourceTree = "<group>"; };
		639EFB762200CDC3005AC6A1 /* ProfileViewController.swift */ = {isa = PBXFileReference; lastKnownFileType = sourcecode.swift; path = ProfileViewController.swift; sourceTree = "<group>"; };
		639EFB782200CDD9005AC6A1 /* PublicationsFeedViewController.swift */ = {isa = PBXFileReference; lastKnownFileType = sourcecode.swift; path = PublicationsFeedViewController.swift; sourceTree = "<group>"; };
		639EFB7A2200CDED005AC6A1 /* NewPublicationViewController.swift */ = {isa = PBXFileReference; lastKnownFileType = sourcecode.swift; path = NewPublicationViewController.swift; sourceTree = "<group>"; };
		639EFB7C2200CE3A005AC6A1 /* NewSpotViewController.swift */ = {isa = PBXFileReference; lastKnownFileType = sourcecode.swift; path = NewSpotViewController.swift; sourceTree = "<group>"; };
		639EFB7E2200CF96005AC6A1 /* SearchViewController.swift */ = {isa = PBXFileReference; lastKnownFileType = sourcecode.swift; path = SearchViewController.swift; sourceTree = "<group>"; };
		639EFB812201A3D0005AC6A1 /* CustomAlertViewController.swift */ = {isa = PBXFileReference; lastKnownFileType = sourcecode.swift; path = CustomAlertViewController.swift; sourceTree = "<group>"; };
		639EFB832201BC4E005AC6A1 /* CameraViewController.swift */ = {isa = PBXFileReference; lastKnownFileType = sourcecode.swift; path = CameraViewController.swift; sourceTree = "<group>"; };
		639EFB852201BC5C005AC6A1 /* MapViewController.swift */ = {isa = PBXFileReference; lastKnownFileType = sourcecode.swift; path = MapViewController.swift; sourceTree = "<group>"; };
		639EFB872201BCE9005AC6A1 /* MapNewSpotViewController.swift */ = {isa = PBXFileReference; lastKnownFileType = sourcecode.swift; path = MapNewSpotViewController.swift; sourceTree = "<group>"; };
		639EFB89220306FA005AC6A1 /* Utils.swift */ = {isa = PBXFileReference; lastKnownFileType = sourcecode.swift; path = Utils.swift; sourceTree = "<group>"; };
		639EFB8B2203099F005AC6A1 /* PreviewImageViewController.swift */ = {isa = PBXFileReference; lastKnownFileType = sourcecode.swift; path = PreviewImageViewController.swift; sourceTree = "<group>"; };
		639EFB8D22045ED4005AC6A1 /* Spot.swift */ = {isa = PBXFileReference; lastKnownFileType = sourcecode.swift; path = Spot.swift; sourceTree = "<group>"; };
		639EFB932204622A005AC6A1 /* SpotDetailViewController.swift */ = {isa = PBXFileReference; lastKnownFileType = sourcecode.swift; path = SpotDetailViewController.swift; sourceTree = "<group>"; };
		639EFB9522046261005AC6A1 /* PublicationDetailViewController.swift */ = {isa = PBXFileReference; lastKnownFileType = sourcecode.swift; path = PublicationDetailViewController.swift; sourceTree = "<group>"; };
		639EFB97220462A9005AC6A1 /* SpotCollectionViewCell.swift */ = {isa = PBXFileReference; lastKnownFileType = sourcecode.swift; path = SpotCollectionViewCell.swift; sourceTree = "<group>"; };
		639EFB99220462C6005AC6A1 /* PublicationTableViewCell.swift */ = {isa = PBXFileReference; lastKnownFileType = sourcecode.swift; path = PublicationTableViewCell.swift; sourceTree = "<group>"; };
		639EFB9B22046300005AC6A1 /* PublicationTableViewController.swift */ = {isa = PBXFileReference; lastKnownFileType = sourcecode.swift; path = PublicationTableViewController.swift; sourceTree = "<group>"; };
		63DD0A3F220C4FA500276B1A /* NoLoggedViewController.swift */ = {isa = PBXFileReference; lastKnownFileType = sourcecode.swift; path = NoLoggedViewController.swift; sourceTree = "<group>"; };
		7E5DABCEB6E2279A2BA6280E /* Pods_Picpoint.framework */ = {isa = PBXFileReference; explicitFileType = wrapper.framework; includeInIndex = 0; path = Pods_Picpoint.framework; sourceTree = BUILT_PRODUCTS_DIR; };
		7F27ACCF2214101F00146B57 /* SpotsCollectionViewController.swift */ = {isa = PBXFileReference; lastKnownFileType = sourcecode.swift; path = SpotsCollectionViewController.swift; sourceTree = "<group>"; };
		7F327EE8222558CA00ABD796 /* AddSpotNewPublicationViewController.swift */ = {isa = PBXFileReference; lastKnownFileType = sourcecode.swift; path = AddSpotNewPublicationViewController.swift; sourceTree = "<group>"; };
		7F912FA5222597F900F116AB /* SpotDetailTagCollectionViewCell.swift */ = {isa = PBXFileReference; lastKnownFileType = sourcecode.swift; path = SpotDetailTagCollectionViewCell.swift; sourceTree = "<group>"; };
		7FD34B56221EF2DD00268775 /* SpotTagCollectionViewCell.swift */ = {isa = PBXFileReference; lastKnownFileType = sourcecode.swift; path = SpotTagCollectionViewCell.swift; sourceTree = "<group>"; };
		7FE602B0221C33960032A2D1 /* TagsViewController.swift */ = {isa = PBXFileReference; lastKnownFileType = sourcecode.swift; path = TagsViewController.swift; sourceTree = "<group>"; };
		7FE602B2221C4E020032A2D1 /* TagsCollectionViewCell.swift */ = {isa = PBXFileReference; lastKnownFileType = sourcecode.swift; path = TagsCollectionViewCell.swift; sourceTree = "<group>"; };
		7FE602B4221C56510032A2D1 /* Tag.swift */ = {isa = PBXFileReference; lastKnownFileType = sourcecode.swift; path = Tag.swift; sourceTree = "<group>"; };
		C05BA933E4DAAB37B56E6706 /* Pods-Picpoint.debug.xcconfig */ = {isa = PBXFileReference; includeInIndex = 1; lastKnownFileType = text.xcconfig; name = "Pods-Picpoint.debug.xcconfig"; path = "Pods/Target Support Files/Pods-Picpoint/Pods-Picpoint.debug.xcconfig"; sourceTree = "<group>"; };
		D2B2884621FA13A20060F8A2 /* Connectivity.swift */ = {isa = PBXFileReference; lastKnownFileType = sourcecode.swift; path = Connectivity.swift; sourceTree = "<group>"; };
		D2C2EAB021EC7D1500D547BD /* Picpoint.app */ = {isa = PBXFileReference; explicitFileType = wrapper.application; includeInIndex = 0; path = Picpoint.app; sourceTree = BUILT_PRODUCTS_DIR; };
		D2C2EAB321EC7D1500D547BD /* AppDelegate.swift */ = {isa = PBXFileReference; lastKnownFileType = sourcecode.swift; path = AppDelegate.swift; sourceTree = "<group>"; };
		D2C2EAB821EC7D1500D547BD /* Base */ = {isa = PBXFileReference; lastKnownFileType = file.storyboard; name = Base; path = Base.lproj/Main.storyboard; sourceTree = "<group>"; };
		D2C2EABA21EC7D1600D547BD /* Assets.xcassets */ = {isa = PBXFileReference; lastKnownFileType = folder.assetcatalog; path = Assets.xcassets; sourceTree = "<group>"; };
		D2C2EABF21EC7D1600D547BD /* Info.plist */ = {isa = PBXFileReference; lastKnownFileType = text.plist.xml; path = Info.plist; sourceTree = "<group>"; };
		D2C2EAC521EC82B200D547BD /* RegisterViewController.swift */ = {isa = PBXFileReference; lastKnownFileType = sourcecode.swift; path = RegisterViewController.swift; sourceTree = "<group>"; };
		D2C2EACB21EC86C600D547BD /* LoginViewController.swift */ = {isa = PBXFileReference; lastKnownFileType = sourcecode.swift; path = LoginViewController.swift; sourceTree = "<group>"; };
		D2CFD83B21F5D3160024EF0D /* RecoverPasswordViewController.swift */ = {isa = PBXFileReference; lastKnownFileType = sourcecode.swift; path = RecoverPasswordViewController.swift; sourceTree = "<group>"; };
/* End PBXFileReference section */

/* Begin PBXFrameworksBuildPhase section */
		D2C2EAAD21EC7D1500D547BD /* Frameworks */ = {
			isa = PBXFrameworksBuildPhase;
			buildActionMask = 2147483647;
			files = (
				1744CC4C5382D7568141763C /* Pods_Picpoint.framework in Frameworks */,
			);
			runOnlyForDeploymentPostprocessing = 0;
		};
/* End PBXFrameworksBuildPhase section */

/* Begin PBXGroup section */
		544DCEB6A3EE3ECEFB8A9F55 /* Pods */ = {
			isa = PBXGroup;
			children = (
				C05BA933E4DAAB37B56E6706 /* Pods-Picpoint.debug.xcconfig */,
				2C7CBB10648258A8C8C8A197 /* Pods-Picpoint.release.xcconfig */,
			);
			name = Pods;
			sourceTree = "<group>";
		};
		639EFB6B220048A0005AC6A1 /* Utils */ = {
			isa = PBXGroup;
			children = (
				D2B2884621FA13A20060F8A2 /* Connectivity.swift */,
				639EFB6922004890005AC6A1 /* Validator.swift */,
				639EFB89220306FA005AC6A1 /* Utils.swift */,
			);
			path = Utils;
			sourceTree = "<group>";
		};
		639EFB6C220048A8005AC6A1 /* Views */ = {
			isa = PBXGroup;
			children = (
				7FE602AF221C33690032A2D1 /* Tags */,
				639EFB9222046172005AC6A1 /* Spots */,
				639EFB9122046164005AC6A1 /* Publications */,
				D2C2EAC521EC82B200D547BD /* RegisterViewController.swift */,
				D2C2EACB21EC86C600D547BD /* LoginViewController.swift */,
				D2CFD83B21F5D3160024EF0D /* RecoverPasswordViewController.swift */,
				639EFB762200CDC3005AC6A1 /* ProfileViewController.swift */,
			);
			path = Views;
			sourceTree = "<group>";
		};
		639EFB6D220048B6005AC6A1 /* Beans */ = {
			isa = PBXGroup;
			children = (
				639EFB8D22045ED4005AC6A1 /* Spot.swift */,
				7FE602B4221C56510032A2D1 /* Tag.swift */,
			);
			path = Beans;
			sourceTree = "<group>";
		};
		639EFB802200D672005AC6A1 /* Components */ = {
			isa = PBXGroup;
			children = (
				639EFB8B2203099F005AC6A1 /* PreviewImageViewController.swift */,
				639EFB832201BC4E005AC6A1 /* CameraViewController.swift */,
				639EFB7E2200CF96005AC6A1 /* SearchViewController.swift */,
				63DD0A3F220C4FA500276B1A /* NoLoggedViewController.swift */,
				639EFB812201A3D0005AC6A1 /* CustomAlertViewController.swift */,
				639EFB722200CD38005AC6A1 /* CustomTabBar.swift */,
				639EFB852201BC5C005AC6A1 /* MapViewController.swift */,
			);
			path = Components;
			sourceTree = "<group>";
		};
		639EFB9122046164005AC6A1 /* Publications */ = {
			isa = PBXGroup;
			children = (
				639EFB782200CDD9005AC6A1 /* PublicationsFeedViewController.swift */,
				639EFB7A2200CDED005AC6A1 /* NewPublicationViewController.swift */,
				639EFB9522046261005AC6A1 /* PublicationDetailViewController.swift */,
				639EFB99220462C6005AC6A1 /* PublicationTableViewCell.swift */,
				639EFB9B22046300005AC6A1 /* PublicationTableViewController.swift */,
				7F327EE8222558CA00ABD796 /* AddSpotNewPublicationViewController.swift */,
			);
			path = Publications;
			sourceTree = "<group>";
		};
		639EFB9222046172005AC6A1 /* Spots */ = {
			isa = PBXGroup;
			children = (
				639EFB742200CDA4005AC6A1 /* SpotsFeedViewController.swift */,
				639EFB97220462A9005AC6A1 /* SpotCollectionViewCell.swift */,
				6355EAC82204814B00B784EB /* MapFeedViewController.swift */,
				639EFB872201BCE9005AC6A1 /* MapNewSpotViewController.swift */,
				639EFB7C2200CE3A005AC6A1 /* NewSpotViewController.swift */,
				639EFB932204622A005AC6A1 /* SpotDetailViewController.swift */,
				6355EACA2204C9D600B784EB /* PinAnnotation.swift */,
				7F27ACCF2214101F00146B57 /* SpotsCollectionViewController.swift */,
				7FD34B56221EF2DD00268775 /* SpotTagCollectionViewCell.swift */,
				7F912FA5222597F900F116AB /* SpotDetailTagCollectionViewCell.swift */,
			);
			path = Spots;
			sourceTree = "<group>";
		};
		7FE602AF221C33690032A2D1 /* Tags */ = {
			isa = PBXGroup;
			children = (
				7FE602B0221C33960032A2D1 /* TagsViewController.swift */,
				7FE602B2221C4E020032A2D1 /* TagsCollectionViewCell.swift */,
			);
			name = Tags;
			sourceTree = "<group>";
		};
		C56A70AE010E6CD43AD7729B /* Frameworks */ = {
			isa = PBXGroup;
			children = (
				7E5DABCEB6E2279A2BA6280E /* Pods_Picpoint.framework */,
			);
			name = Frameworks;
			sourceTree = "<group>";
		};
		D2C2EAA721EC7D1500D547BD = {
			isa = PBXGroup;
			children = (
				D2C2EAB221EC7D1500D547BD /* Picpoint */,
				D2C2EAB121EC7D1500D547BD /* Products */,
				544DCEB6A3EE3ECEFB8A9F55 /* Pods */,
				C56A70AE010E6CD43AD7729B /* Frameworks */,
			);
			sourceTree = "<group>";
		};
		D2C2EAB121EC7D1500D547BD /* Products */ = {
			isa = PBXGroup;
			children = (
				D2C2EAB021EC7D1500D547BD /* Picpoint.app */,
			);
			name = Products;
			sourceTree = "<group>";
		};
		D2C2EAB221EC7D1500D547BD /* Picpoint */ = {
			isa = PBXGroup;
			children = (
				D2C2EAB321EC7D1500D547BD /* AppDelegate.swift */,
				D2C2EAB721EC7D1500D547BD /* Main.storyboard */,
				639EFB6D220048B6005AC6A1 /* Beans */,
				639EFB6C220048A8005AC6A1 /* Views */,
				639EFB6B220048A0005AC6A1 /* Utils */,
				639EFB802200D672005AC6A1 /* Components */,
				D2C2EABA21EC7D1600D547BD /* Assets.xcassets */,
				D2C2EABF21EC7D1600D547BD /* Info.plist */,
			);
			path = Picpoint;
			sourceTree = "<group>";
		};
/* End PBXGroup section */

/* Begin PBXNativeTarget section */
		D2C2EAAF21EC7D1500D547BD /* Picpoint */ = {
			isa = PBXNativeTarget;
			buildConfigurationList = D2C2EAC221EC7D1600D547BD /* Build configuration list for PBXNativeTarget "Picpoint" */;
			buildPhases = (
				CCDDD13988B8AB69AA7BBF95 /* [CP] Check Pods Manifest.lock */,
				D2C2EAAC21EC7D1500D547BD /* Sources */,
				D2C2EAAD21EC7D1500D547BD /* Frameworks */,
				D2C2EAAE21EC7D1500D547BD /* Resources */,
				D3B6D59D0D8D09279A6F2BDF /* [CP] Embed Pods Frameworks */,
			);
			buildRules = (
			);
			dependencies = (
			);
			name = Picpoint;
			productName = Picpoint;
			productReference = D2C2EAB021EC7D1500D547BD /* Picpoint.app */;
			productType = "com.apple.product-type.application";
		};
/* End PBXNativeTarget section */

/* Begin PBXProject section */
		D2C2EAA821EC7D1500D547BD /* Project object */ = {
			isa = PBXProject;
			attributes = {
				LastSwiftUpdateCheck = 1010;
				LastUpgradeCheck = 1010;
				ORGANIZATIONNAME = "Joaquín Collazo Ruiz";
				TargetAttributes = {
					D2C2EAAF21EC7D1500D547BD = {
						CreatedOnToolsVersion = 10.1;
					};
				};
			};
			buildConfigurationList = D2C2EAAB21EC7D1500D547BD /* Build configuration list for PBXProject "Picpoint" */;
			compatibilityVersion = "Xcode 9.3";
			developmentRegion = en;
			hasScannedForEncodings = 0;
			knownRegions = (
				en,
				Base,
			);
			mainGroup = D2C2EAA721EC7D1500D547BD;
			productRefGroup = D2C2EAB121EC7D1500D547BD /* Products */;
			projectDirPath = "";
			projectRoot = "";
			targets = (
				D2C2EAAF21EC7D1500D547BD /* Picpoint */,
			);
		};
/* End PBXProject section */

/* Begin PBXResourcesBuildPhase section */
		D2C2EAAE21EC7D1500D547BD /* Resources */ = {
			isa = PBXResourcesBuildPhase;
			buildActionMask = 2147483647;
			files = (
				D2C2EABB21EC7D1600D547BD /* Assets.xcassets in Resources */,
				D2C2EAB921EC7D1500D547BD /* Main.storyboard in Resources */,
			);
			runOnlyForDeploymentPostprocessing = 0;
		};
/* End PBXResourcesBuildPhase section */

/* Begin PBXShellScriptBuildPhase section */
		CCDDD13988B8AB69AA7BBF95 /* [CP] Check Pods Manifest.lock */ = {
			isa = PBXShellScriptBuildPhase;
			buildActionMask = 2147483647;
			files = (
			);
			inputPaths = (
				"${PODS_PODFILE_DIR_PATH}/Podfile.lock",
				"${PODS_ROOT}/Manifest.lock",
			);
			name = "[CP] Check Pods Manifest.lock";
			outputPaths = (
				"$(DERIVED_FILE_DIR)/Pods-Picpoint-checkManifestLockResult.txt",
			);
			runOnlyForDeploymentPostprocessing = 0;
			shellPath = /bin/sh;
			shellScript = "diff \"${PODS_PODFILE_DIR_PATH}/Podfile.lock\" \"${PODS_ROOT}/Manifest.lock\" > /dev/null\nif [ $? != 0 ] ; then\n    # print error to STDERR\n    echo \"error: The sandbox is not in sync with the Podfile.lock. Run 'pod install' or update your CocoaPods installation.\" >&2\n    exit 1\nfi\n# This output is used by Xcode 'outputs' to avoid re-running this script phase.\necho \"SUCCESS\" > \"${SCRIPT_OUTPUT_FILE_0}\"\n";
			showEnvVarsInLog = 0;
		};
		D3B6D59D0D8D09279A6F2BDF /* [CP] Embed Pods Frameworks */ = {
			isa = PBXShellScriptBuildPhase;
			buildActionMask = 2147483647;
			files = (
			);
			inputPaths = (
				"${SRCROOT}/Pods/Target Support Files/Pods-Picpoint/Pods-Picpoint-frameworks.sh",
				"${BUILT_PRODUCTS_DIR}/Alamofire/Alamofire.framework",
				"${BUILT_PRODUCTS_DIR}/AlamofireImage/AlamofireImage.framework",
			);
			name = "[CP] Embed Pods Frameworks";
			outputPaths = (
				"${TARGET_BUILD_DIR}/${FRAMEWORKS_FOLDER_PATH}/Alamofire.framework",
				"${TARGET_BUILD_DIR}/${FRAMEWORKS_FOLDER_PATH}/AlamofireImage.framework",
			);
			runOnlyForDeploymentPostprocessing = 0;
			shellPath = /bin/sh;
			shellScript = "\"${SRCROOT}/Pods/Target Support Files/Pods-Picpoint/Pods-Picpoint-frameworks.sh\"\n";
			showEnvVarsInLog = 0;
		};
/* End PBXShellScriptBuildPhase section */

/* Begin PBXSourcesBuildPhase section */
		D2C2EAAC21EC7D1500D547BD /* Sources */ = {
			isa = PBXSourcesBuildPhase;
			buildActionMask = 2147483647;
			files = (
				7FE602B5221C56510032A2D1 /* Tag.swift in Sources */,
				63DD0A40220C4FA500276B1A /* NoLoggedViewController.swift in Sources */,
				639EFB882201BCE9005AC6A1 /* MapNewSpotViewController.swift in Sources */,
				639EFB6A22004890005AC6A1 /* Validator.swift in Sources */,
				D2CFD83C21F5D3160024EF0D /* RecoverPasswordViewController.swift in Sources */,
				639EFB98220462A9005AC6A1 /* SpotCollectionViewCell.swift in Sources */,
				639EFB772200CDC3005AC6A1 /* ProfileViewController.swift in Sources */,
				D2C2EAC621EC82B200D547BD /* RegisterViewController.swift in Sources */,
				D2C2EACC21EC86C600D547BD /* LoginViewController.swift in Sources */,
				639EFB732200CD38005AC6A1 /* CustomTabBar.swift in Sources */,
				639EFB8E22045ED4005AC6A1 /* Spot.swift in Sources */,
				639EFB752200CDA4005AC6A1 /* SpotsFeedViewController.swift in Sources */,
				639EFB7D2200CE3A005AC6A1 /* NewSpotViewController.swift in Sources */,
				7F912FA6222597F900F116AB /* SpotDetailTagCollectionViewCell.swift in Sources */,
				639EFB7F2200CF96005AC6A1 /* SearchViewController.swift in Sources */,
				639EFB792200CDD9005AC6A1 /* PublicationsFeedViewController.swift in Sources */,
				7FE602B3221C4E030032A2D1 /* TagsCollectionViewCell.swift in Sources */,
				639EFB8A220306FA005AC6A1 /* Utils.swift in Sources */,
				639EFB8C2203099F005AC6A1 /* PreviewImageViewController.swift in Sources */,
				639EFB7B2200CDED005AC6A1 /* NewPublicationViewController.swift in Sources */,
				7FE602B1221C33960032A2D1 /* TagsViewController.swift in Sources */,
				7F327EE9222558CA00ABD796 /* AddSpotNewPublicationViewController.swift in Sources */,
				639EFB9C22046300005AC6A1 /* PublicationTableViewController.swift in Sources */,
				7FD34B57221EF2DD00268775 /* SpotTagCollectionViewCell.swift in Sources */,
				639EFB942204622A005AC6A1 /* SpotDetailViewController.swift in Sources */,
				639EFB842201BC4E005AC6A1 /* CameraViewController.swift in Sources */,
				6355EACB2204C9D600B784EB /* PinAnnotation.swift in Sources */,
				6355EAC92204814B00B784EB /* MapFeedViewController.swift in Sources */,
				639EFB9622046261005AC6A1 /* PublicationDetailViewController.swift in Sources */,
				D2C2EAB421EC7D1500D547BD /* AppDelegate.swift in Sources */,
				639EFB822201A3D0005AC6A1 /* CustomAlertViewController.swift in Sources */,
				D2B2884721FA13A20060F8A2 /* Connectivity.swift in Sources */,
				7F27ACD02214101F00146B57 /* SpotsCollectionViewController.swift in Sources */,
				639EFB862201BC5C005AC6A1 /* MapViewController.swift in Sources */,
				639EFB9A220462C6005AC6A1 /* PublicationTableViewCell.swift in Sources */,
			);
			runOnlyForDeploymentPostprocessing = 0;
		};
/* End PBXSourcesBuildPhase section */

/* Begin PBXVariantGroup section */
		D2C2EAB721EC7D1500D547BD /* Main.storyboard */ = {
			isa = PBXVariantGroup;
			children = (
				D2C2EAB821EC7D1500D547BD /* Base */,
			);
			name = Main.storyboard;
			sourceTree = "<group>";
		};
/* End PBXVariantGroup section */

/* Begin XCBuildConfiguration section */
		D2C2EAC021EC7D1600D547BD /* Debug */ = {
			isa = XCBuildConfiguration;
			buildSettings = {
				ALWAYS_SEARCH_USER_PATHS = NO;
				CLANG_ANALYZER_NONNULL = YES;
				CLANG_ANALYZER_NUMBER_OBJECT_CONVERSION = YES_AGGRESSIVE;
				CLANG_CXX_LANGUAGE_STANDARD = "gnu++14";
				CLANG_CXX_LIBRARY = "libc++";
				CLANG_ENABLE_MODULES = YES;
				CLANG_ENABLE_OBJC_ARC = YES;
				CLANG_ENABLE_OBJC_WEAK = YES;
				CLANG_WARN_BLOCK_CAPTURE_AUTORELEASING = YES;
				CLANG_WARN_BOOL_CONVERSION = YES;
				CLANG_WARN_COMMA = YES;
				CLANG_WARN_CONSTANT_CONVERSION = YES;
				CLANG_WARN_DEPRECATED_OBJC_IMPLEMENTATIONS = YES;
				CLANG_WARN_DIRECT_OBJC_ISA_USAGE = YES_ERROR;
				CLANG_WARN_DOCUMENTATION_COMMENTS = YES;
				CLANG_WARN_EMPTY_BODY = YES;
				CLANG_WARN_ENUM_CONVERSION = YES;
				CLANG_WARN_INFINITE_RECURSION = YES;
				CLANG_WARN_INT_CONVERSION = YES;
				CLANG_WARN_NON_LITERAL_NULL_CONVERSION = YES;
				CLANG_WARN_OBJC_IMPLICIT_RETAIN_SELF = YES;
				CLANG_WARN_OBJC_LITERAL_CONVERSION = YES;
				CLANG_WARN_OBJC_ROOT_CLASS = YES_ERROR;
				CLANG_WARN_RANGE_LOOP_ANALYSIS = YES;
				CLANG_WARN_STRICT_PROTOTYPES = YES;
				CLANG_WARN_SUSPICIOUS_MOVE = YES;
				CLANG_WARN_UNGUARDED_AVAILABILITY = YES_AGGRESSIVE;
				CLANG_WARN_UNREACHABLE_CODE = YES;
				CLANG_WARN__DUPLICATE_METHOD_MATCH = YES;
				CODE_SIGN_IDENTITY = "iPhone Developer";
				COPY_PHASE_STRIP = NO;
				DEBUG_INFORMATION_FORMAT = dwarf;
				ENABLE_STRICT_OBJC_MSGSEND = YES;
				ENABLE_TESTABILITY = YES;
				GCC_C_LANGUAGE_STANDARD = gnu11;
				GCC_DYNAMIC_NO_PIC = NO;
				GCC_NO_COMMON_BLOCKS = YES;
				GCC_OPTIMIZATION_LEVEL = 0;
				GCC_PREPROCESSOR_DEFINITIONS = (
					"DEBUG=1",
					"$(inherited)",
				);
				GCC_WARN_64_TO_32_BIT_CONVERSION = YES;
				GCC_WARN_ABOUT_RETURN_TYPE = YES_ERROR;
				GCC_WARN_UNDECLARED_SELECTOR = YES;
				GCC_WARN_UNINITIALIZED_AUTOS = YES_AGGRESSIVE;
				GCC_WARN_UNUSED_FUNCTION = YES;
				GCC_WARN_UNUSED_VARIABLE = YES;
				IPHONEOS_DEPLOYMENT_TARGET = 12.1;
				MTL_ENABLE_DEBUG_INFO = INCLUDE_SOURCE;
				MTL_FAST_MATH = YES;
				ONLY_ACTIVE_ARCH = YES;
				SDKROOT = iphoneos;
				SWIFT_ACTIVE_COMPILATION_CONDITIONS = DEBUG;
				SWIFT_OPTIMIZATION_LEVEL = "-Onone";
			};
			name = Debug;
		};
		D2C2EAC121EC7D1600D547BD /* Release */ = {
			isa = XCBuildConfiguration;
			buildSettings = {
				ALWAYS_SEARCH_USER_PATHS = NO;
				CLANG_ANALYZER_NONNULL = YES;
				CLANG_ANALYZER_NUMBER_OBJECT_CONVERSION = YES_AGGRESSIVE;
				CLANG_CXX_LANGUAGE_STANDARD = "gnu++14";
				CLANG_CXX_LIBRARY = "libc++";
				CLANG_ENABLE_MODULES = YES;
				CLANG_ENABLE_OBJC_ARC = YES;
				CLANG_ENABLE_OBJC_WEAK = YES;
				CLANG_WARN_BLOCK_CAPTURE_AUTORELEASING = YES;
				CLANG_WARN_BOOL_CONVERSION = YES;
				CLANG_WARN_COMMA = YES;
				CLANG_WARN_CONSTANT_CONVERSION = YES;
				CLANG_WARN_DEPRECATED_OBJC_IMPLEMENTATIONS = YES;
				CLANG_WARN_DIRECT_OBJC_ISA_USAGE = YES_ERROR;
				CLANG_WARN_DOCUMENTATION_COMMENTS = YES;
				CLANG_WARN_EMPTY_BODY = YES;
				CLANG_WARN_ENUM_CONVERSION = YES;
				CLANG_WARN_INFINITE_RECURSION = YES;
				CLANG_WARN_INT_CONVERSION = YES;
				CLANG_WARN_NON_LITERAL_NULL_CONVERSION = YES;
				CLANG_WARN_OBJC_IMPLICIT_RETAIN_SELF = YES;
				CLANG_WARN_OBJC_LITERAL_CONVERSION = YES;
				CLANG_WARN_OBJC_ROOT_CLASS = YES_ERROR;
				CLANG_WARN_RANGE_LOOP_ANALYSIS = YES;
				CLANG_WARN_STRICT_PROTOTYPES = YES;
				CLANG_WARN_SUSPICIOUS_MOVE = YES;
				CLANG_WARN_UNGUARDED_AVAILABILITY = YES_AGGRESSIVE;
				CLANG_WARN_UNREACHABLE_CODE = YES;
				CLANG_WARN__DUPLICATE_METHOD_MATCH = YES;
				CODE_SIGN_IDENTITY = "iPhone Developer";
				COPY_PHASE_STRIP = NO;
				DEBUG_INFORMATION_FORMAT = "dwarf-with-dsym";
				ENABLE_NS_ASSERTIONS = NO;
				ENABLE_STRICT_OBJC_MSGSEND = YES;
				GCC_C_LANGUAGE_STANDARD = gnu11;
				GCC_NO_COMMON_BLOCKS = YES;
				GCC_WARN_64_TO_32_BIT_CONVERSION = YES;
				GCC_WARN_ABOUT_RETURN_TYPE = YES_ERROR;
				GCC_WARN_UNDECLARED_SELECTOR = YES;
				GCC_WARN_UNINITIALIZED_AUTOS = YES_AGGRESSIVE;
				GCC_WARN_UNUSED_FUNCTION = YES;
				GCC_WARN_UNUSED_VARIABLE = YES;
				IPHONEOS_DEPLOYMENT_TARGET = 12.1;
				MTL_ENABLE_DEBUG_INFO = NO;
				MTL_FAST_MATH = YES;
				SDKROOT = iphoneos;
				SWIFT_COMPILATION_MODE = wholemodule;
				SWIFT_OPTIMIZATION_LEVEL = "-O";
				VALIDATE_PRODUCT = YES;
			};
			name = Release;
		};
		D2C2EAC321EC7D1600D547BD /* Debug */ = {
			isa = XCBuildConfiguration;
			baseConfigurationReference = C05BA933E4DAAB37B56E6706 /* Pods-Picpoint.debug.xcconfig */;
			buildSettings = {
				ASSETCATALOG_COMPILER_APPICON_NAME = AppIcon;
				CODE_SIGN_STYLE = Automatic;
				DEVELOPMENT_TEAM = D7ERVUZL2M;
				INFOPLIST_FILE = Picpoint/Info.plist;
				IPHONEOS_DEPLOYMENT_TARGET = 11.4;
				LD_RUNPATH_SEARCH_PATHS = (
					"$(inherited)",
					"@executable_path/Frameworks",
				);
				PRODUCT_BUNDLE_IDENTIFIER = com.cev.picpoint;
				PRODUCT_NAME = "$(TARGET_NAME)";
				SWIFT_VERSION = 4.2;
				TARGETED_DEVICE_FAMILY = "1,2";
			};
			name = Debug;
		};
		D2C2EAC421EC7D1600D547BD /* Release */ = {
			isa = XCBuildConfiguration;
			baseConfigurationReference = 2C7CBB10648258A8C8C8A197 /* Pods-Picpoint.release.xcconfig */;
			buildSettings = {
				ASSETCATALOG_COMPILER_APPICON_NAME = AppIcon;
				CODE_SIGN_STYLE = Automatic;
				DEVELOPMENT_TEAM = D7ERVUZL2M;
				INFOPLIST_FILE = Picpoint/Info.plist;
				IPHONEOS_DEPLOYMENT_TARGET = 11.4;
				LD_RUNPATH_SEARCH_PATHS = (
					"$(inherited)",
					"@executable_path/Frameworks",
				);
				PRODUCT_BUNDLE_IDENTIFIER = com.cev.picpoint;
				PRODUCT_NAME = "$(TARGET_NAME)";
				SWIFT_VERSION = 4.2;
				TARGETED_DEVICE_FAMILY = "1,2";
			};
			name = Release;
		};
/* End XCBuildConfiguration section */

/* Begin XCConfigurationList section */
		D2C2EAAB21EC7D1500D547BD /* Build configuration list for PBXProject "Picpoint" */ = {
			isa = XCConfigurationList;
			buildConfigurations = (
				D2C2EAC021EC7D1600D547BD /* Debug */,
				D2C2EAC121EC7D1600D547BD /* Release */,
			);
			defaultConfigurationIsVisible = 0;
			defaultConfigurationName = Release;
		};
		D2C2EAC221EC7D1600D547BD /* Build configuration list for PBXNativeTarget "Picpoint" */ = {
			isa = XCConfigurationList;
			buildConfigurations = (
				D2C2EAC321EC7D1600D547BD /* Debug */,
				D2C2EAC421EC7D1600D547BD /* Release */,
			);
			defaultConfigurationIsVisible = 0;
			defaultConfigurationName = Release;
		};
/* End XCConfigurationList section */
	};
	rootObject = D2C2EAA821EC7D1500D547BD /* Project object */;
}
